
Microsoft Visual Studio Solution File, Format Version 12.00
# Visual Studio 14
VisualStudioVersion = 14.0.24720.0
MinimumVisualStudioVersion = 10.0.40219.1
Project("{FAE04EC0-301F-11D3-BF4B-00C04F79EFBC}") = "YahooAPI", "YahooAPI\YahooAPI.csproj", "{32E022D7-9CCD-45B7-9BAE-207A6A5CC212}"
EndProject
Project("{8BC9CEB8-8B4A-11D0-8D11-00A0C91BC942}") = "YahooAPIWrapper", "YahooAPIWrapper\YahooAPIWrapper.vcxproj", "{483543B6-A0B2-46A7-AD75-2DF94B264BCF}"
EndProject
Project("{8BC9CEB8-8B4A-11D0-8D11-00A0C91BC942}") = "ConsoleApplication1", "ConsoleApplication1\ConsoleApplication1.vcxproj", "{4070BBEC-4603-47D5-BE0A-311A57ACAFD4}"
EndProject
Global
	GlobalSection(SolutionConfigurationPlatforms) = preSolution
		Debug|Any CPU = Debug|Any CPU
		Debug|x64 = Debug|x64
		Debug|x86 = Debug|x86
		Release|Any CPU = Release|Any CPU
		Release|x64 = Release|x64
		Release|x86 = Release|x86
	EndGlobalSection
	GlobalSection(ProjectConfigurationPlatforms) = postSolution
		{32E022D7-9CCD-45B7-9BAE-207A6A5CC212}.Debug|Any CPU.ActiveCfg = Debug|Any CPU
		{32E022D7-9CCD-45B7-9BAE-207A6A5CC212}.Debug|Any CPU.Build.0 = Debug|Any CPU
		{32E022D7-9CCD-45B7-9BAE-207A6A5CC212}.Debug|x64.ActiveCfg = Debug|Any CPU
		{32E022D7-9CCD-45B7-9BAE-207A6A5CC212}.Debug|x64.Build.0 = Debug|Any CPU
		{32E022D7-9CCD-45B7-9BAE-207A6A5CC212}.Debug|x86.ActiveCfg = Debug|Any CPU
		{32E022D7-9CCD-45B7-9BAE-207A6A5CC212}.Debug|x86.Build.0 = Debug|Any CPU
		{32E022D7-9CCD-45B7-9BAE-207A6A5CC212}.Release|Any CPU.ActiveCfg = Release|Any CPU
		{32E022D7-9CCD-45B7-9BAE-207A6A5CC212}.Release|Any CPU.Build.0 = Release|Any CPU
		{32E022D7-9CCD-45B7-9BAE-207A6A5CC212}.Release|x64.ActiveCfg = Release|Any CPU
		{32E022D7-9CCD-45B7-9BAE-207A6A5CC212}.Release|x64.Build.0 = Release|Any CPU
		{32E022D7-9CCD-45B7-9BAE-207A6A5CC212}.Release|x86.ActiveCfg = Release|Any CPU
		{32E022D7-9CCD-45B7-9BAE-207A6A5CC212}.Release|x86.Build.0 = Release|Any CPU
		{483543B6-A0B2-46A7-AD75-2DF94B264BCF}.Debug|Any CPU.ActiveCfg = Debug|Win32
		{483543B6-A0B2-46A7-AD75-2DF94B264BCF}.Debug|x64.ActiveCfg = Debug|x64
		{483543B6-A0B2-46A7-AD75-2DF94B264BCF}.Debug|x64.Build.0 = Debug|x64
		{483543B6-A0B2-46A7-AD75-2DF94B264BCF}.Debug|x86.ActiveCfg = Debug|Win32
		{483543B6-A0B2-46A7-AD75-2DF94B264BCF}.Debug|x86.Build.0 = Debug|Win32
		{483543B6-A0B2-46A7-AD75-2DF94B264BCF}.Release|Any CPU.ActiveCfg = Release|Win32
		{483543B6-A0B2-46A7-AD75-2DF94B264BCF}.Release|x64.ActiveCfg = Release|x64
		{483543B6-A0B2-46A7-AD75-2DF94B264BCF}.Release|x64.Build.0 = Release|x64
		{483543B6-A0B2-46A7-AD75-2DF94B264BCF}.Release|x86.ActiveCfg = Release|Win32
		{483543B6-A0B2-46A7-AD75-2DF94B264BCF}.Release|x86.Build.0 = Release|Win32
		{4070BBEC-4603-47D5-BE0A-311A57ACAFD4}.Debug|Any CPU.ActiveCfg = Debug|Win32
		{4070BBEC-4603-47D5-BE0A-311A57ACAFD4}.Debug|x64.ActiveCfg = Debug|x64
		{4070BBEC-4603-47D5-BE0A-311A57ACAFD4}.Debug|x64.Build.0 = Debug|x64
		{4070BBEC-4603-47D5-BE0A-311A57ACAFD4}.Debug|x86.ActiveCfg = Debug|Win32
		{4070BBEC-4603-47D5-BE0A-311A57ACAFD4}.Debug|x86.Build.0 = Debug|Win32
		{4070BBEC-4603-47D5-BE0A-311A57ACAFD4}.Release|Any CPU.ActiveCfg = Release|Win32
		{4070BBEC-4603-47D5-BE0A-311A57ACAFD4}.Release|x64.ActiveCfg = Release|x64
		{4070BBEC-4603-47D5-BE0A-311A57ACAFD4}.Release|x64.Build.0 = Release|x64
		{4070BBEC-4603-47D5-BE0A-311A57ACAFD4}.Release|x86.ActiveCfg = Release|Win32
		{4070BBEC-4603-47D5-BE0A-311A57ACAFD4}.Release|x86.Build.0 = Release|Win32
	EndGlobalSection
	GlobalSection(SolutionProperties) = preSolution
		HideSolutionNode = FALSE
	EndGlobalSection
EndGlobal
